
Microsoft Visual Studio Solution File, Format Version 12.00
# Visual Studio Version 17
VisualStudioVersion = 17.2.32616.157
MinimumVisualStudioVersion = 10.0.40219.1
Project("{FAE04EC0-301F-11D3-BF4B-00C04F79EFBC}") = "DeskBookingAPI", "DeskBookingAPI\DeskBookingAPI.csproj", "{8AE1304E-C790-44F3-849A-6AA13AD751E7}"
EndProject
Global
	GlobalSection(SolutionConfigurationPlatforms) = preSolution
		Debug|Any CPU = Debug|Any CPU
		Release|Any CPU = Release|Any CPU
	EndGlobalSection
	GlobalSection(ProjectConfigurationPlatforms) = postSolution
		{8AE1304E-C790-44F3-849A-6AA13AD751E7}.Debug|Any CPU.ActiveCfg = Debug|Any CPU
		{8AE1304E-C790-44F3-849A-6AA13AD751E7}.Debug|Any CPU.Build.0 = Debug|Any CPU
		{8AE1304E-C790-44F3-849A-6AA13AD751E7}.Release|Any CPU.ActiveCfg = Release|Any CPU
		{8AE1304E-C790-44F3-849A-6AA13AD751E7}.Release|Any CPU.Build.0 = Release|Any CPU
	EndGlobalSection
	GlobalSection(SolutionProperties) = preSolution
		HideSolutionNode = FALSE
	EndGlobalSection
	GlobalSection(ExtensibilityGlobals) = postSolution
		SolutionGuid = {E7FBA3B2-529C-4082-B7FA-C43C1EE3EE9B}
	EndGlobalSection
EndGlobal
